{
  "object": {
    "pins": [
      {
        "package": "OHHTTPStubs",
        "repositoryURL": "https://github.com/AliSoftware/OHHTTPStubs",
        "state": {
          "branch": null,
          "revision": "12f19662426d0434d6c330c6974d53e2eb10ecd9",
          "version": "9.1.0"
        }
      },
      {
        "package": "Polyline",
        "repositoryURL": "https://github.com/fnazarios/Polyline.git",
        "state": {
          "branch": "master",
          "revision": "88d9ffb47571db318de1196566bd26e44edc3243",
          "version": null
        }
      },
      {
        "package": "swift-argument-parser",
        "repositoryURL": "https://github.com/apple/swift-argument-parser",
        "state": {
          "branch": null,
          "revision": "41982a3656a71c768319979febd796c6fd111d5c",
          "version": "1.5.0"
        }
      },
      {
        "package": "Turf",
        "repositoryURL": "https://github.com/mapbox/turf-swift.git",
        "state": {
          "branch": null,
          "revision": "1997fb3c3dc0d8181690a1ec192ed907bcead9e8",
          "version": "3.0.0"
        }
      }
    ]
  },
  "version": 1
}
